
Microsoft Visual Studio Solution File, Format Version 11.00
# Visual Studio 2010
Project("{FAE04EC0-301F-11D3-BF4B-00C04F79EFBC}") = "Fibonacci_web_service", "Fibonacci_web_service\Fibonacci_web_service.csproj", "{43CE4F1F-BC49-4675-B872-CCA4775A433B}"
EndProject
Global
	GlobalSection(SolutionConfigurationPlatforms) = preSolution
		Debug|Any CPU = Debug|Any CPU
		Release|Any CPU = Release|Any CPU
	EndGlobalSection
	GlobalSection(ProjectConfigurationPlatforms) = postSolution
		{43CE4F1F-BC49-4675-B872-CCA4775A433B}.Debug|Any CPU.ActiveCfg = Debug|Any CPU
		{43CE4F1F-BC49-4675-B872-CCA4775A433B}.Debug|Any CPU.Build.0 = Debug|Any CPU
		{43CE4F1F-BC49-4675-B872-CCA4775A433B}.Release|Any CPU.ActiveCfg = Release|Any CPU
		{43CE4F1F-BC49-4675-B872-CCA4775A433B}.Release|Any CPU.Build.0 = Release|Any CPU
	EndGlobalSection
	GlobalSection(SolutionProperties) = preSolution
		HideSolutionNode = FALSE
	EndGlobalSection
EndGlobal
